
Microsoft Visual Studio Solution File, Format Version 12.00
# Visual Studio 15
VisualStudioVersion = 15.0.27004.2002
MinimumVisualStudioVersion = 10.0.40219.1
Project("{FAE04EC0-301F-11D3-BF4B-00C04F79EFBC}") = "Lab01", "Lab01\Lab01.csproj", "{B1C815E4-BFD8-42D0-9F57-E47FB022CFE5}"
EndProject
Global
	GlobalSection(SolutionConfigurationPlatforms) = preSolution
		Debug|Any CPU = Debug|Any CPU
		Release|Any CPU = Release|Any CPU
	EndGlobalSection
	GlobalSection(ProjectConfigurationPlatforms) = postSolution
		{B1C815E4-BFD8-42D0-9F57-E47FB022CFE5}.Debug|Any CPU.ActiveCfg = Debug|Any CPU
		{B1C815E4-BFD8-42D0-9F57-E47FB022CFE5}.Debug|Any CPU.Build.0 = Debug|Any CPU
		{B1C815E4-BFD8-42D0-9F57-E47FB022CFE5}.Release|Any CPU.ActiveCfg = Release|Any CPU
		{B1C815E4-BFD8-42D0-9F57-E47FB022CFE5}.Release|Any CPU.Build.0 = Release|Any CPU
	EndGlobalSection
	GlobalSection(SolutionProperties) = preSolution
		HideSolutionNode = FALSE
	EndGlobalSection
	GlobalSection(ExtensibilityGlobals) = postSolution
		SolutionGuid = {033222B7-13FB-45E5-A1D9-5BC16A82BCFD}
	EndGlobalSection
EndGlobal
